{
  "name": "paytm",
  "version": "1.0.0",
  "lockfileVersion": 1,
  "requires": true,
  "dependencies": {
    "@uirouter/angularjs": {
      "version": "1.1.0",
      "resolved": "https://registry.npmjs.org/@uirouter/angularjs/-/angularjs-1.1.0.tgz",
      "integrity": "sha512-AhgxXhMfN6FU2HxDQqwDPbzmd6kTgvYCgV/kgoCAXfxAH6cFQrifViToC90Wdg6djBynHwA3L/KYP+iOYHkw6A=="
    },
    "angular": {
      "version": "1.8.2",
      "resolved": "https://registry.npmjs.org/angular/-/angular-1.8.2.tgz",
      "integrity": "sha512-IauMOej2xEe7/7Ennahkbb5qd/HFADiNuLSESz9Q27inmi32zB0lnAsFeLEWcox3Gd1F6YhNd1CP7/9IukJ0Gw=="
    }
  }
}
